# THIS IS AN AUTOGENERATED FILE. DO NOT EDIT THIS FILE DIRECTLY.
# yarn lockfile v1


esbuild@0.6.12:
  version "0.6.12"
  resolved "https://registry.yarnpkg.com/esbuild/-/esbuild-0.6.12.tgz#1e65ccc7459ad75aa8bedcdbb3bf246270f5ec33"
  integrity sha512-IkVwB3wyb1XNq6/f42x02IEor9hLHIhnhqMwezOGK/WSIOf15/lCkybZ5S9rEsCyA4CMLoWhPmi7cmXa/5brrQ==

servor@4.0.2:
  version "4.0.2"
  resolved "https://registry.yarnpkg.com/servor/-/servor-4.0.2.tgz#6d5e5c61fbb3d6f4bde72995dbe6745829395971"
  integrity sha512-MlmQ5Ntv4jDYUN060x/KEmN7emvIqKMZ9OkM+nY8Bf2+KkyLmGsTqWLyAN2cZr5oESAcH00UanUyyrlS1LRjFw==
